{
  "nodes": {
    "brew-src": {
      "flake": false,
      "locked": {
        "lastModified": 1742457334,
        "narHash": "sha256-Gn7ruyb3NDFr+SsHBfA2NsJI8YkkWdECqLRj/xcjt+E=",
        "owner": "Homebrew",
        "repo": "brew",
        "rev": "f3bd91d3afe086824d24708230e1f0c7f943135a",
        "type": "github"
      },
      "original": {
        "owner": "Homebrew",
        "ref": "4.4.25",
        "repo": "brew",
        "type": "github"
      }
    },
    "cachix-deploy-flake": {
      "inputs": {
        "darwin": "darwin",
        "disko": "disko",
        "home-manager": "home-manager",
        "nixos-anywhere": "nixos-anywhere",
        "nixpkgs": "nixpkgs"
      },
      "locked": {
        "lastModified": 1728048122,
        "narHash": "sha256-2P7BjsQHpAjp+zjftGXSGwo0gepR79KJbBNRKJxsUyk=",
        "owner": "cachix",
        "repo": "cachix-deploy-flake",
        "rev": "f363e7ba6661f0e342707b98224c85599fdfb1cc",
        "type": "github"
      },
      "original": {
        "owner": "cachix",
        "repo": "cachix-deploy-flake",
        "type": "github"
      }
    },
    "darwin": {
      "inputs": {
        "nixpkgs": [
          "cachix-deploy-flake",
          "nixpkgs"
        ]
      },
      "locked": {
        "lastModified": 1727999297,
        "narHash": "sha256-LTJuQPCsSItZ/8TieFeP30iY+uaLoD0mT0tAj1gLeyQ=",
        "owner": "LnL7",
        "repo": "nix-darwin",
        "rev": "8c8388ade72e58efdeae71b4cbb79e872c23a56b",
        "type": "github"
      },
      "original": {
        "owner": "LnL7",
        "repo": "nix-darwin",
        "type": "github"
      }
    },
    "disko": {
      "inputs": {
        "nixpkgs": [
          "cachix-deploy-flake",
          "nixpkgs"
        ]
      },
      "locked": {
        "lastModified": 1727977578,
        "narHash": "sha256-DBORKcmQ7ZjA4qE1MsnF1MmZSokOGrw4W9vTCioOv2U=",
        "owner": "nix-community",
        "repo": "disko",
        "rev": "574400001b3ffe555c7a21e0ff846230759be2ed",
        "type": "github"
      },
      "original": {
        "owner": "nix-community",
        "repo": "disko",
        "type": "github"
      }
    },
    "emacs-overlay": {
      "inputs": {
        "nixpkgs": "nixpkgs_2",
        "nixpkgs-stable": "nixpkgs-stable"
      },
      "locked": {
        "lastModified": 1743092657,
        "narHash": "sha256-ow7/uhFsONGV8y7YwokqRU1SFrkN1op73MvzuE8dynU=",
        "owner": "nix-community",
        "repo": "emacs-overlay",
        "rev": "9d534b5749cd539145580f0ad588a912990841dc",
        "type": "github"
      },
      "original": {
        "owner": "nix-community",
        "repo": "emacs-overlay",
        "type": "github"
      }
    },
    "flake-parts": {
      "inputs": {
        "nixpkgs-lib": [
          "cachix-deploy-flake",
          "nixos-anywhere",
          "nixpkgs"
        ]
      },
      "locked": {
        "lastModified": 1726153070,
        "narHash": "sha256-HO4zgY0ekfwO5bX0QH/3kJ/h4KvUDFZg8YpkNwIbg1U=",
        "owner": "hercules-ci",
        "repo": "flake-parts",
        "rev": "bcef6817a8b2aa20a5a6dbb19b43e63c5bf8619a",
        "type": "github"
      },
      "original": {
        "owner": "hercules-ci",
        "repo": "flake-parts",
        "type": "github"
      }
    },
    "flake-parts_2": {
      "inputs": {
        "nixpkgs-lib": "nixpkgs-lib"
      },
      "locked": {
        "lastModified": 1743550720,
        "narHash": "sha256-hIshGgKZCgWh6AYJpJmRgFdR3WUbkY04o82X05xqQiY=",
        "owner": "hercules-ci",
        "repo": "flake-parts",
        "rev": "c621e8422220273271f52058f618c94e405bb0f5",
        "type": "github"
      },
      "original": {
        "owner": "hercules-ci",
        "repo": "flake-parts",
        "type": "github"
      }
    },
    "flake-utils": {
      "inputs": {
        "systems": "systems"
      },
      "locked": {
        "lastModified": 1731533236,
        "narHash": "sha256-l0KFg5HjrsfsO/JpG+r7fRrqm12kzFHyUHqHCVpMMbI=",
        "owner": "numtide",
        "repo": "flake-utils",
        "rev": "11707dc2f618dd54ca8739b309ec4fc024de578b",
        "type": "github"
      },
      "original": {
        "owner": "numtide",
        "repo": "flake-utils",
        "type": "github"
      }
    },
    "freetype2": {
      "flake": false,
      "locked": {
        "lastModified": 1723459814,
        "narHash": "sha256-4l90lDtpgm5xlh2m7ifrqNy373DTRTULRkAzicrM93c=",
        "owner": "freetype",
        "repo": "freetype",
        "rev": "42608f77f20749dd6ddc9e0536788eaad70ea4b5",
        "type": "github"
      },
      "original": {
        "owner": "freetype",
        "ref": "VER-2-13-3",
        "repo": "freetype",
        "type": "github"
      }
    },
    "harfbuzz": {
      "flake": false,
      "locked": {
        "lastModified": 1719502711,
        "narHash": "sha256-2ieCf3ftNk851FZBDPVl+7QHWBqD729KiUxUyxi26Yg=",
        "owner": "harfbuzz",
        "repo": "harfbuzz",
        "rev": "9c03576c49db6e7207d9bcdfe3abd170a809157f",
        "type": "github"
      },
      "original": {
        "owner": "harfbuzz",
        "ref": "9.0.0",
        "repo": "harfbuzz",
        "type": "github"
      }
    },
    "home-manager": {
      "inputs": {
        "nixpkgs": [
          "cachix-deploy-flake",
          "nixpkgs"
        ]
      },
      "locked": {
        "lastModified": 1728041527,
        "narHash": "sha256-03liqiJtk9UP7YQHW4r8MduKCK242FQzud8iWvvlK+o=",
        "owner": "nix-community",
        "repo": "home-manager",
        "rev": "509dbf8d45606b618e9ec3bbe4e936b7c5bc6c1e",
        "type": "github"
      },
      "original": {
        "owner": "nix-community",
        "repo": "home-manager",
        "type": "github"
      }
    },
    "home-manager_2": {
      "inputs": {
        "nixpkgs": [
          "nixpkgs"
        ]
      },
      "locked": {
        "lastModified": 1743082807,
        "narHash": "sha256-qmrCYHVqE6j0TQApfxGx8aRYNdNsqtOrZuH09A+cjTU=",
        "owner": "nix-community",
        "repo": "home-manager",
        "rev": "171915bfce41018528fda9960211e81946d999b7",
        "type": "github"
      },
      "original": {
        "owner": "nix-community",
        "repo": "home-manager",
        "type": "github"
      }
    },
    "homebrew-cask": {
      "flake": false,
      "locked": {
        "lastModified": 1743092858,
        "narHash": "sha256-YPP1bbvX7R+RuxVd0j1pDWgdlFug+BZsasVflWCtOHY=",
        "owner": "homebrew",
        "repo": "homebrew-cask",
        "rev": "85650e86c10ac712f77e4b66d5b0d0aa08d0065e",
        "type": "github"
      },
      "original": {
        "owner": "homebrew",
        "repo": "homebrew-cask",
        "type": "github"
      }
    },
    "homebrew-core": {
      "flake": false,
      "locked": {
        "lastModified": 1743090735,
        "narHash": "sha256-aKp+AsM89S7mp2szwS8vAw/ALtBpnKliSDVcECbYgEc=",
        "owner": "homebrew",
        "repo": "homebrew-core",
        "rev": "57235aebe4d4807c6e8f76848fc12464ae8f391d",
        "type": "github"
      },
      "original": {
        "owner": "homebrew",
        "repo": "homebrew-core",
        "type": "github"
      }
    },
    "impermanence": {
      "locked": {
        "lastModified": 1737831083,
        "narHash": "sha256-LJggUHbpyeDvNagTUrdhe/pRVp4pnS6wVKALS782gRI=",
        "owner": "nix-community",
        "repo": "impermanence",
        "rev": "4b3e914cdf97a5b536a889e939fb2fd2b043a170",
        "type": "github"
      },
      "original": {
        "owner": "nix-community",
        "repo": "impermanence",
        "type": "github"
      }
    },
    "libpng": {
      "flake": false,
      "locked": {
        "lastModified": 1726173884,
        "narHash": "sha256-gBfHgGaqVYdmhWXoNKZzPyGzyw2rr3zp+DjWmfC41jk=",
        "owner": "pnggroup",
        "repo": "libpng",
        "rev": "f5e92d76973a7a53f517579bc95d61483bf108c0",
        "type": "github"
      },
      "original": {
        "owner": "pnggroup",
        "ref": "v1.6.44",
        "repo": "libpng",
        "type": "github"
      }
    },
    "nix-darwin": {
      "inputs": {
        "nixpkgs": [
          "unstable"
        ]
      },
      "locked": {
        "lastModified": 1742869675,
        "narHash": "sha256-rgwUZJZVztaNYPTsf6MIqirPL5r2JTMMyHuzk1ezyYk=",
        "owner": "LnL7",
        "repo": "nix-darwin",
        "rev": "bb81755a3674951724d79b8cba6bbff01409d44d",
        "type": "github"
      },
      "original": {
        "owner": "LnL7",
        "repo": "nix-darwin",
        "type": "github"
      }
    },
    "nix-darwin_2": {
      "inputs": {
        "nixpkgs": "nixpkgs_3"
      },
      "locked": {
        "lastModified": 1716329735,
        "narHash": "sha256-ap51w+VqG21vuzyQ04WrhI2YbWHd3UGz0e7dc/QQmoA=",
        "owner": "LnL7",
        "repo": "nix-darwin",
        "rev": "eac4f25028c1975a939c8f8fba95c12f8a25e01c",
        "type": "github"
      },
      "original": {
        "owner": "LnL7",
        "repo": "nix-darwin",
        "type": "github"
      }
    },
    "nix-homebrew": {
      "inputs": {
        "brew-src": "brew-src",
        "nix-darwin": "nix-darwin_2",
        "nixpkgs": "nixpkgs_4"
      },
      "locked": {
        "lastModified": 1742619394,
        "narHash": "sha256-8uwIBjbKxeJ7u0VACSNs634HwtgRLxP6/+cIkUXmuyI=",
        "owner": "zhaofengli-wip",
        "repo": "nix-homebrew",
        "rev": "04b0536479d2d2e8d71dc8c8ee97c2b61f0c9987",
        "type": "github"
      },
      "original": {
        "owner": "zhaofengli-wip",
        "repo": "nix-homebrew",
        "type": "github"
      }
    },
    "nixos-anywhere": {
      "inputs": {
        "disko": [
          "cachix-deploy-flake",
          "disko"
        ],
        "flake-parts": "flake-parts",
        "nixos-images": "nixos-images",
        "nixos-stable": "nixos-stable",
        "nixpkgs": [
          "cachix-deploy-flake",
          "nixpkgs"
        ],
        "treefmt-nix": "treefmt-nix"
      },
      "locked": {
        "lastModified": 1727531568,
        "narHash": "sha256-lt8fmizvl6iRDNz7/Yqor1MmU5fcUyv3oajtUsUmthA=",
        "owner": "numtide",
        "repo": "nixos-anywhere",
        "rev": "b6168ba67a8fad0636b5111a906dfbdf3abe2dee",
        "type": "github"
      },
      "original": {
        "owner": "numtide",
        "repo": "nixos-anywhere",
        "type": "github"
      }
    },
    "nixos-hardware": {
      "locked": {
        "lastModified": 1742806253,
        "narHash": "sha256-zvQ4GsCJT6MTOzPKLmlFyM+lxo0JGQ0cSFaZSACmWfY=",
        "owner": "NixOS",
        "repo": "nixos-hardware",
        "rev": "ecaa2d911e77c265c2a5bac8b583c40b0f151726",
        "type": "github"
      },
      "original": {
        "owner": "NixOS",
        "ref": "master",
        "repo": "nixos-hardware",
        "type": "github"
      }
    },
    "nixos-images": {
      "inputs": {
        "nixos-stable": [
          "cachix-deploy-flake",
          "nixos-anywhere",
          "nixos-stable"
        ],
        "nixos-unstable": [
          "cachix-deploy-flake",
          "nixos-anywhere",
          "nixpkgs"
        ]
      },
      "locked": {
        "lastModified": 1727367213,
        "narHash": "sha256-7O4pi8MmcJpA0nYUQkdolvKGyu6zNjf2gFYD1Q0xppc=",
        "owner": "nix-community",
        "repo": "nixos-images",
        "rev": "3e7978bab153f39f3fc329ad346d35a8871420f7",
        "type": "github"
      },
      "original": {
        "owner": "nix-community",
        "repo": "nixos-images",
        "type": "github"
      }
    },
    "nixos-stable": {
      "locked": {
        "lastModified": 1727264057,
        "narHash": "sha256-KQPI8CTTnB9CrJ7LrmLC4VWbKZfljEPBXOFGZFRpxao=",
        "owner": "NixOS",
        "repo": "nixpkgs",
        "rev": "759537f06e6999e141588ff1c9be7f3a5c060106",
        "type": "github"
      },
      "original": {
        "owner": "NixOS",
        "ref": "nixos-24.05",
        "repo": "nixpkgs",
        "type": "github"
      }
    },
    "nixpkgs": {
      "locked": {
        "lastModified": 1727998858,
        "narHash": "sha256-IeBVJ75Bd7yWz8i3m225x5Q25O1Wk8cBWi8DI7bCgSo=",
        "owner": "NixOS",
        "repo": "nixpkgs",
        "rev": "73bed75dbd3de6d4fca3f81ce25a0cc7766afff6",
        "type": "github"
      },
      "original": {
        "id": "nixpkgs",
        "type": "indirect"
      }
    },
    "nixpkgs-darwin": {
      "locked": {
        "lastModified": 1743891346,
        "narHash": "sha256-QNxnxIi6PJEnwJp7ZXUpxX4/z/cmRJGeIOkIYfYh/8E=",
        "owner": "NixOS",
        "repo": "nixpkgs",
        "rev": "f27c6099cec4fe9b67c7fbc51d8324dcb4b52694",
        "type": "github"
      },
      "original": {
        "owner": "NixOS",
        "ref": "nixpkgs-24.11-darwin",
        "repo": "nixpkgs",
        "type": "github"
      }
    },
    "nixpkgs-lib": {
      "locked": {
        "lastModified": 1743296961,
        "narHash": "sha256-b1EdN3cULCqtorQ4QeWgLMrd5ZGOjLSLemfa00heasc=",
        "owner": "nix-community",
        "repo": "nixpkgs.lib",
        "rev": "e4822aea2a6d1cdd36653c134cacfd64c97ff4fa",
        "type": "github"
      },
      "original": {
        "owner": "nix-community",
        "repo": "nixpkgs.lib",
        "type": "github"
      }
    },
    "nixpkgs-stable": {
      "locked": {
        "lastModified": 1742937945,
        "narHash": "sha256-lWc+79eZRyvHp/SqMhHTMzZVhpxkRvthsP1Qx6UCq0E=",
        "owner": "NixOS",
        "repo": "nixpkgs",
        "rev": "d02d88f8de5b882ccdde0465d8fa2db3aa1169f7",
        "type": "github"
      },
      "original": {
        "owner": "NixOS",
        "ref": "nixos-24.11",
        "repo": "nixpkgs",
        "type": "github"
      }
    },
    "nixpkgs_2": {
      "locked": {
        "lastModified": 1742889210,
        "narHash": "sha256-hw63HnwnqU3ZQfsMclLhMvOezpM7RSB0dMAtD5/sOiw=",
        "owner": "NixOS",
        "repo": "nixpkgs",
        "rev": "698214a32beb4f4c8e3942372c694f40848b360d",
        "type": "github"
      },
      "original": {
        "owner": "NixOS",
        "ref": "nixos-unstable",
        "repo": "nixpkgs",
        "type": "github"
      }
    },
    "nixpkgs_3": {
      "locked": {
        "lastModified": 1687274257,
        "narHash": "sha256-TutzPriQcZ8FghDhEolnHcYU2oHIG5XWF+/SUBNnAOE=",
        "path": "/nix/store/22qgs3skscd9bmrxv9xv4q5d4wwm5ppx-source",
        "rev": "2c9ecd1f0400076a4d6b2193ad468ff0a7e7fdc5",
        "type": "path"
      },
      "original": {
        "id": "nixpkgs",
        "type": "indirect"
      }
    },
    "nixpkgs_4": {
      "locked": {
        "lastModified": 1716330097,
        "narHash": "sha256-8BO3B7e3BiyIDsaKA0tY8O88rClYRTjvAp66y+VBUeU=",
        "owner": "NixOS",
        "repo": "nixpkgs",
        "rev": "5710852ba686cc1fd0d3b8e22b3117d43ba374c2",
        "type": "github"
      },
      "original": {
        "owner": "NixOS",
        "ref": "nixos-unstable",
        "repo": "nixpkgs",
        "type": "github"
      }
    },
    "nixpkgs_5": {
      "locked": {
        "lastModified": 1742937945,
        "narHash": "sha256-lWc+79eZRyvHp/SqMhHTMzZVhpxkRvthsP1Qx6UCq0E=",
        "owner": "NixOS",
        "repo": "nixpkgs",
        "rev": "d02d88f8de5b882ccdde0465d8fa2db3aa1169f7",
        "type": "github"
      },
      "original": {
        "owner": "NixOS",
        "ref": "nixos-24.11",
        "repo": "nixpkgs",
        "type": "github"
      }
    },
    "nixpkgs_6": {
      "locked": {
        "lastModified": 1742578646,
        "narHash": "sha256-GiQ40ndXRnmmbDZvuv762vS+gew1uDpFwOfgJ8tLiEs=",
        "owner": "NixOS",
        "repo": "nixpkgs",
        "rev": "94c4dbe77c0740ebba36c173672ca15a7926c993",
        "type": "github"
      },
      "original": {
        "owner": "NixOS",
        "ref": "nixpkgs-unstable",
        "repo": "nixpkgs",
        "type": "github"
      }
    },
    "nixpkgs_7": {
      "locked": {
        "lastModified": 1735821806,
        "narHash": "sha256-cuNapx/uQeCgeuhUhdck3JKbgpsml259sjUQnWM7zW8=",
        "owner": "NixOS",
        "repo": "nixpkgs",
        "rev": "d6973081434f88088e5321f83ebafe9a1167c367",
        "type": "github"
      },
      "original": {
        "owner": "NixOS",
        "ref": "nixpkgs-unstable",
        "repo": "nixpkgs",
        "type": "github"
      }
    },
    "org-babel": {
      "locked": {
        "lastModified": 1731256202,
        "narHash": "sha256-xtV0vIUhl3ZUzaUIHSaiWpybxyCgQ9Yp/MUGo3f5zvM=",
        "owner": "emacs-twist",
        "repo": "org-babel",
        "rev": "a5d16c54aca35c07af59d216cda598163512db42",
        "type": "github"
      },
      "original": {
        "owner": "emacs-twist",
        "repo": "org-babel",
        "type": "github"
      }
    },
    "root": {
      "inputs": {
        "cachix-deploy-flake": "cachix-deploy-flake",
        "emacs-overlay": "emacs-overlay",
        "flake-parts": "flake-parts_2",
        "home-manager": "home-manager_2",
        "homebrew-cask": "homebrew-cask",
        "homebrew-core": "homebrew-core",
        "impermanence": "impermanence",
        "nix-darwin": "nix-darwin",
        "nix-homebrew": "nix-homebrew",
        "nixos-hardware": "nixos-hardware",
        "nixpkgs": "nixpkgs_5",
        "nixpkgs-darwin": "nixpkgs-darwin",
        "org-babel": "org-babel",
        "sops-nix": "sops-nix",
        "unstable": "unstable",
        "wezterm": "wezterm"
      }
    },
    "rust-overlay": {
      "inputs": {
        "nixpkgs": [
          "wezterm",
          "nixpkgs"
        ]
      },
      "locked": {
        "lastModified": 1735871325,
        "narHash": "sha256-6Ta5E4mhSfCP6LdkzkG2+BciLOCPeLKuYTJ6lOHW+mI=",
        "owner": "oxalica",
        "repo": "rust-overlay",
        "rev": "a599f011db521766cbaf7c2f5874182485554f00",
        "type": "github"
      },
      "original": {
        "owner": "oxalica",
        "repo": "rust-overlay",
        "type": "github"
      }
    },
    "sops-nix": {
      "inputs": {
        "nixpkgs": "nixpkgs_6"
      },
      "locked": {
        "lastModified": 1742700801,
        "narHash": "sha256-ZGlpUDsuBdeZeTNgoMv+aw0ByXT2J3wkYw9kJwkAS4M=",
        "owner": "Mic92",
        "repo": "sops-nix",
        "rev": "67566fe68a8bed2a7b1175fdfb0697ed22ae8852",
        "type": "github"
      },
      "original": {
        "owner": "Mic92",
        "repo": "sops-nix",
        "type": "github"
      }
    },
    "systems": {
      "locked": {
        "lastModified": 1681028828,
        "narHash": "sha256-Vy1rq5AaRuLzOxct8nz4T6wlgyUR7zLU309k9mBC768=",
        "owner": "nix-systems",
        "repo": "default",
        "rev": "da67096a3b9bf56a91d16901293e51ba5b49a27e",
        "type": "github"
      },
      "original": {
        "owner": "nix-systems",
        "repo": "default",
        "type": "github"
      }
    },
    "treefmt-nix": {
      "inputs": {
        "nixpkgs": [
          "cachix-deploy-flake",
          "nixos-anywhere",
          "nixpkgs"
        ]
      },
      "locked": {
        "lastModified": 1727252110,
        "narHash": "sha256-3O7RWiXpvqBcCl84Mvqa8dXudZ1Bol1ubNdSmQt7nF4=",
        "owner": "numtide",
        "repo": "treefmt-nix",
        "rev": "1bff2ba6ec22bc90e9ad3f7e94cca0d37870afa3",
        "type": "github"
      },
      "original": {
        "owner": "numtide",
        "repo": "treefmt-nix",
        "type": "github"
      }
    },
    "unstable": {
      "locked": {
        "lastModified": 1742889210,
        "narHash": "sha256-hw63HnwnqU3ZQfsMclLhMvOezpM7RSB0dMAtD5/sOiw=",
        "owner": "NixOS",
        "repo": "nixpkgs",
        "rev": "698214a32beb4f4c8e3942372c694f40848b360d",
        "type": "github"
      },
      "original": {
        "owner": "NixOS",
        "ref": "nixos-unstable",
        "repo": "nixpkgs",
        "type": "github"
      }
    },
    "wezterm": {
      "inputs": {
        "flake-utils": "flake-utils",
        "freetype2": "freetype2",
        "harfbuzz": "harfbuzz",
        "libpng": "libpng",
        "nixpkgs": "nixpkgs_7",
        "rust-overlay": "rust-overlay",
        "zlib": "zlib"
      },
      "locked": {
        "dir": "nix",
        "lastModified": 1742480467,
        "narHash": "sha256-y4iRZ3bUpN8prKIbVQw++4yM4LtXLED7/D/9HJjGjJI=",
        "owner": "wez",
        "repo": "wezterm",
        "rev": "a87358516004a652ad840bc1661bdf65ffc89b43",
        "type": "github"
      },
      "original": {
        "dir": "nix",
        "owner": "wez",
        "repo": "wezterm",
        "type": "github"
      }
    },
    "zlib": {
      "flake": false,
      "locked": {
        "lastModified": 1705948357,
        "narHash": "sha256-TkPLWSN5QcPlL9D0kc/yhH0/puE9bFND24aj5NVDKYs=",
        "owner": "madler",
        "repo": "zlib",
        "rev": "51b7f2abdade71cd9bb0e7a373ef2610ec6f9daf",
        "type": "github"
      },
      "original": {
        "owner": "madler",
        "ref": "v1.3.1",
        "repo": "zlib",
        "type": "github"
      }
    }
  },
  "root": "root",
  "version": 7
}
