{
  "nodes": {
    "brew-api": {
      "flake": false,
      "locked": {
        "lastModified": 1772151654,
        "narHash": "sha256-kWtKncDEYV+bKnikHv0RwlSkpOAODyv/1z4wPC4rHJk=",
        "owner": "BatteredBunny",
        "repo": "brew-api",
        "rev": "7a3a779354f5a43f2f3cfc3d27eedd707370fb05",
        "type": "github"
      },
      "original": {
        "owner": "BatteredBunny",
        "repo": "brew-api",
        "type": "github"
      }
    },
    "brew-nix": {
      "inputs": {
        "brew-api": [
          "brew-api"
        ],
        "nix-darwin": [
          "nix-darwin"
        ],
        "nixpkgs": [
          "nixpkgs"
        ]
      },
      "locked": {
        "lastModified": 1764779851,
        "narHash": "sha256-7WrgeIYBEuFG7DZtS8dio0y9nvRHf3otk7oqsPIoECs=",
        "owner": "BatteredBunny",
        "repo": "brew-nix",
        "rev": "b314426c17667bcebd73ed7e57ecae2bac9755cf",
        "type": "github"
      },
      "original": {
        "owner": "BatteredBunny",
        "repo": "brew-nix",
        "type": "github"
      }
    },
    "claude-desktop": {
      "inputs": {
        "flake-utils": [
          "flake-utils"
        ],
        "nixpkgs": [
          "nixpkgs"
        ]
      },
      "locked": {
        "lastModified": 1764098187,
        "narHash": "sha256-H6JjWXhKqxZ8QLMoqndZx9e5x0Sv5AiipSmqvIxIbgo=",
        "owner": "k3d3",
        "repo": "claude-desktop-linux-flake",
        "rev": "b2b040cb68231d2118906507d9cc8fd181ca6308",
        "type": "github"
      },
      "original": {
        "owner": "k3d3",
        "repo": "claude-desktop-linux-flake",
        "type": "github"
      }
    },
    "crane": {
      "locked": {
        "lastModified": 1766774972,
        "narHash": "sha256-8qxEFpj4dVmIuPn9j9z6NTbU+hrcGjBOvaxTzre5HmM=",
        "owner": "ipetkov",
        "repo": "crane",
        "rev": "01bc1d404a51a0a07e9d8759cd50a7903e218c82",
        "type": "github"
      },
      "original": {
        "owner": "ipetkov",
        "repo": "crane",
        "type": "github"
      }
    },
    "disko": {
      "inputs": {
        "nixpkgs": [
          "nixpkgs"
        ]
      },
      "locked": {
        "lastModified": 1771881364,
        "narHash": "sha256-A5uE/hMium5of/QGC6JwF5TGoDAfpNtW00T0s9u/PN8=",
        "owner": "nix-community",
        "repo": "disko",
        "rev": "a4cb7bf73f264d40560ba527f9280469f1f081c6",
        "type": "github"
      },
      "original": {
        "owner": "nix-community",
        "repo": "disko",
        "type": "github"
      }
    },
    "emacs-overlay": {
      "inputs": {
        "nixpkgs": [
          "nixpkgs"
        ],
        "nixpkgs-stable": [
          "nixpkgs-stable"
        ]
      },
      "locked": {
        "lastModified": 1772125177,
        "narHash": "sha256-k4qNGkKoJN9Ub6CV6qFj+5W2oDW19N6j4FAJyE2xPD0=",
        "owner": "nix-community",
        "repo": "emacs-overlay",
        "rev": "7849c75af89ce355700c2e3ceea8233de07090a9",
        "type": "github"
      },
      "original": {
        "owner": "nix-community",
        "repo": "emacs-overlay",
        "type": "github"
      }
    },
    "firefox-addons": {
      "inputs": {
        "nixpkgs": [
          "nixpkgs"
        ]
      },
      "locked": {
        "dir": "pkgs/firefox-addons",
        "lastModified": 1772078860,
        "narHash": "sha256-Pojf7QHic9RmZFIoWYx5LoHy1UytoOHuGnLH3U5Nipo=",
        "owner": "rycee",
        "repo": "nur-expressions",
        "rev": "ae41eb07a37d1d5cd7b5714df0fbcb315c492e4d",
        "type": "gitlab"
      },
      "original": {
        "dir": "pkgs/firefox-addons",
        "owner": "rycee",
        "repo": "nur-expressions",
        "type": "gitlab"
      }
    },
    "flake-parts": {
      "inputs": {
        "nixpkgs-lib": [
          "nixpkgs"
        ]
      },
      "locked": {
        "lastModified": 1769996383,
        "narHash": "sha256-AnYjnFWgS49RlqX7LrC4uA+sCCDBj0Ry/WOJ5XWAsa0=",
        "owner": "hercules-ci",
        "repo": "flake-parts",
        "rev": "57928607ea566b5db3ad13af0e57e921e6b12381",
        "type": "github"
      },
      "original": {
        "owner": "hercules-ci",
        "repo": "flake-parts",
        "type": "github"
      }
    },
    "flake-utils": {
      "inputs": {
        "systems": "systems"
      },
      "locked": {
        "lastModified": 1731533236,
        "narHash": "sha256-l0KFg5HjrsfsO/JpG+r7fRrqm12kzFHyUHqHCVpMMbI=",
        "owner": "numtide",
        "repo": "flake-utils",
        "rev": "11707dc2f618dd54ca8739b309ec4fc024de578b",
        "type": "github"
      },
      "original": {
        "owner": "numtide",
        "repo": "flake-utils",
        "type": "github"
      }
    },
    "git-hooks": {
      "inputs": {
        "flake-compat": [],
        "gitignore": [],
        "nixpkgs": [
          "nixpkgs"
        ]
      },
      "locked": {
        "lastModified": 1772024342,
        "narHash": "sha256-+eXlIc4/7dE6EcPs9a2DaSY3fTA9AE526hGqkNID3Wg=",
        "owner": "cachix",
        "repo": "git-hooks.nix",
        "rev": "6e34e97ed9788b17796ee43ccdbaf871a5c2b476",
        "type": "github"
      },
      "original": {
        "owner": "cachix",
        "repo": "git-hooks.nix",
        "type": "github"
      }
    },
    "home-manager": {
      "inputs": {
        "nixpkgs": [
          "nixpkgs"
        ]
      },
      "locked": {
        "lastModified": 1772060133,
        "narHash": "sha256-VuyRptb8v1lVGMlLp4/1vRX3Efwec0CN0S6mKmDPzLg=",
        "owner": "nix-community",
        "repo": "home-manager",
        "rev": "ce9b6e52500a0ea0ec48f0bbf6d7a3e431d9dfa4",
        "type": "github"
      },
      "original": {
        "owner": "nix-community",
        "repo": "home-manager",
        "type": "github"
      }
    },
    "home-manager_2": {
      "inputs": {
        "nixpkgs": [
          "impermanence",
          "nixpkgs"
        ]
      },
      "locked": {
        "lastModified": 1768598210,
        "narHash": "sha256-kkgA32s/f4jaa4UG+2f8C225Qvclxnqs76mf8zvTVPg=",
        "owner": "nix-community",
        "repo": "home-manager",
        "rev": "c47b2cc64a629f8e075de52e4742de688f930dc6",
        "type": "github"
      },
      "original": {
        "owner": "nix-community",
        "repo": "home-manager",
        "type": "github"
      }
    },
    "impermanence": {
      "inputs": {
        "home-manager": "home-manager_2",
        "nixpkgs": "nixpkgs"
      },
      "locked": {
        "lastModified": 1769548169,
        "narHash": "sha256-03+JxvzmfwRu+5JafM0DLbxgHttOQZkUtDWBmeUkN8Y=",
        "owner": "nix-community",
        "repo": "impermanence",
        "rev": "7b1d382faf603b6d264f58627330f9faa5cba149",
        "type": "github"
      },
      "original": {
        "owner": "nix-community",
        "repo": "impermanence",
        "type": "github"
      }
    },
    "kakoune-lsp-src": {
      "flake": false,
      "locked": {
        "lastModified": 1772156743,
        "narHash": "sha256-q8PYJH1Sev2+qMkn5qSnUTYkoAzDAT43VlIiZzJ9ZNg=",
        "ref": "refs/heads/fix-execute-command-crash",
        "rev": "42fd6e1f6e6b671e6e464ff8a841a4557dfb262f",
        "revCount": 1991,
        "type": "git",
        "url": "file:///home/kaki/ghq/github.com/Yus314/kakoune-lsp"
      },
      "original": {
        "type": "git",
        "url": "file:///home/kaki/ghq/github.com/Yus314/kakoune-lsp"
      }
    },
    "kimi-cli": {
      "inputs": {
        "nixpkgs": [
          "nixpkgs"
        ],
        "pyproject-build-systems": "pyproject-build-systems",
        "pyproject-nix": "pyproject-nix",
        "systems": "systems_2",
        "uv2nix": "uv2nix"
      },
      "locked": {
        "lastModified": 1772120080,
        "narHash": "sha256-5iu3guqR0i3/1aLuwSCDdamxwkHdETk4RtLk8iW7CMY=",
        "owner": "MoonshotAI",
        "repo": "kimi-cli",
        "rev": "05fc87cc54e609bad798f852f5846f6328d05907",
        "type": "github"
      },
      "original": {
        "owner": "MoonshotAI",
        "repo": "kimi-cli",
        "type": "github"
      }
    },
    "mcp-servers": {
      "inputs": {
        "nixpkgs": [
          "nixpkgs"
        ]
      },
      "locked": {
        "lastModified": 1772068369,
        "narHash": "sha256-QINO9rUeMxf6yjvF6F18LKmucEYVh2mnVgqve5SSmN0=",
        "owner": "natsukium",
        "repo": "mcp-servers-nix",
        "rev": "ac4f5d01b36ec515046d6f403da7f08c2484d377",
        "type": "github"
      },
      "original": {
        "owner": "natsukium",
        "repo": "mcp-servers-nix",
        "type": "github"
      }
    },
    "niri": {
      "inputs": {
        "niri-stable": [],
        "niri-unstable": [],
        "nixpkgs": [
          "nixpkgs"
        ],
        "nixpkgs-stable": [
          "nixpkgs-stable"
        ],
        "xwayland-satellite-stable": [],
        "xwayland-satellite-unstable": []
      },
      "locked": {
        "lastModified": 1771940378,
        "narHash": "sha256-qe5t8E8uK5eSgPTxtfcde3VO8fnIr/Tu+hn72FDry/E=",
        "owner": "sodiboo",
        "repo": "niri-flake",
        "rev": "f8899e60a1425d21a03a05ac2c069a85398039b5",
        "type": "github"
      },
      "original": {
        "owner": "sodiboo",
        "repo": "niri-flake",
        "type": "github"
      }
    },
    "nix-darwin": {
      "inputs": {
        "nixpkgs": [
          "nixpkgs"
        ]
      },
      "locked": {
        "lastModified": 1771992996,
        "narHash": "sha256-Y/ijH/unOPxzUicbla6yT/14RJgubUWnY2I2A6Ast2Q=",
        "owner": "LnL7",
        "repo": "nix-darwin",
        "rev": "3bfa436c1975674ca465ce34586467be301ff509",
        "type": "github"
      },
      "original": {
        "owner": "LnL7",
        "repo": "nix-darwin",
        "type": "github"
      }
    },
    "nixos-hardware": {
      "locked": {
        "lastModified": 1771969195,
        "narHash": "sha256-qwcDBtrRvJbrrnv1lf/pREQi8t2hWZxVAyeMo7/E9sw=",
        "owner": "NixOS",
        "repo": "nixos-hardware",
        "rev": "41c6b421bdc301b2624486e11905c9af7b8ec68e",
        "type": "github"
      },
      "original": {
        "owner": "NixOS",
        "repo": "nixos-hardware",
        "type": "github"
      }
    },
    "nixpkgs": {
      "locked": {
        "lastModified": 1768564909,
        "narHash": "sha256-Kell/SpJYVkHWMvnhqJz/8DqQg2b6PguxVWOuadbHCc=",
        "owner": "nixos",
        "repo": "nixpkgs",
        "rev": "e4bae1bd10c9c57b2cf517953ab70060a828ee6f",
        "type": "github"
      },
      "original": {
        "owner": "nixos",
        "ref": "nixos-unstable",
        "repo": "nixpkgs",
        "type": "github"
      }
    },
    "nixpkgs-stable": {
      "locked": {
        "lastModified": 1735563628,
        "narHash": "sha256-OnSAY7XDSx7CtDoqNh8jwVwh4xNL/2HaJxGjryLWzX8=",
        "ref": "nixos-24.05",
        "rev": "b134951a4c9f3c995fd7be05f3243f8ecd65d798",
        "shallow": true,
        "type": "git",
        "url": "https://github.com/nixos/nixpkgs"
      },
      "original": {
        "ref": "nixos-24.05",
        "shallow": true,
        "type": "git",
        "url": "https://github.com/nixos/nixpkgs"
      }
    },
    "nixpkgs_2": {
      "locked": {
        "lastModified": 1771848320,
        "narHash": "sha256-0MAd+0mun3K/Ns8JATeHT1sX28faLII5hVLq0L3BdZU=",
        "ref": "nixos-unstable",
        "rev": "2fc6539b481e1d2569f25f8799236694180c0993",
        "shallow": true,
        "type": "git",
        "url": "https://github.com/nixos/nixpkgs"
      },
      "original": {
        "ref": "nixos-unstable",
        "shallow": true,
        "type": "git",
        "url": "https://github.com/nixos/nixpkgs"
      }
    },
    "nixpkgs_3": {
      "locked": {
        "lastModified": 1771207753,
        "narHash": "sha256-b9uG8yN50DRQ6A7JdZBfzq718ryYrlmGgqkRm9OOwCE=",
        "owner": "NixOS",
        "repo": "nixpkgs",
        "rev": "d1c15b7d5806069da59e819999d70e1cec0760bf",
        "type": "github"
      },
      "original": {
        "owner": "NixOS",
        "ref": "nixpkgs-unstable",
        "repo": "nixpkgs",
        "type": "github"
      }
    },
    "nixpkgs_4": {
      "locked": {
        "lastModified": 1770107345,
        "narHash": "sha256-tbS0Ebx2PiA1FRW8mt8oejR0qMXmziJmPaU1d4kYY9g=",
        "owner": "nixos",
        "repo": "nixpkgs",
        "rev": "4533d9293756b63904b7238acb84ac8fe4c8c2c4",
        "type": "github"
      },
      "original": {
        "owner": "nixos",
        "ref": "nixpkgs-unstable",
        "repo": "nixpkgs",
        "type": "github"
      }
    },
    "nur-packages": {
      "inputs": {
        "nixpkgs": [
          "nixpkgs"
        ]
      },
      "locked": {
        "lastModified": 1772134764,
        "narHash": "sha256-Vrt3+wu4Kb7wUDIc41SQ09Sue1yRJcNcIe6/CNGQhhk=",
        "owner": "Yus314",
        "repo": "nur-packages",
        "rev": "128b6bd627b96be625ed489cdc5ed33fa00ce8f1",
        "type": "github"
      },
      "original": {
        "owner": "Yus314",
        "repo": "nur-packages",
        "type": "github"
      }
    },
    "org-babel": {
      "locked": {
        "lastModified": 1731256202,
        "narHash": "sha256-xtV0vIUhl3ZUzaUIHSaiWpybxyCgQ9Yp/MUGo3f5zvM=",
        "owner": "emacs-twist",
        "repo": "org-babel",
        "rev": "a5d16c54aca35c07af59d216cda598163512db42",
        "type": "github"
      },
      "original": {
        "owner": "emacs-twist",
        "repo": "org-babel",
        "type": "github"
      }
    },
    "pyproject-build-systems": {
      "inputs": {
        "nixpkgs": [
          "kimi-cli",
          "nixpkgs"
        ],
        "pyproject-nix": [
          "kimi-cli",
          "pyproject-nix"
        ],
        "uv2nix": [
          "kimi-cli",
          "uv2nix"
        ]
      },
      "locked": {
        "lastModified": 1763662255,
        "narHash": "sha256-4bocaOyLa3AfiS8KrWjZQYu+IAta05u3gYZzZ6zXbT0=",
        "owner": "pyproject-nix",
        "repo": "build-system-pkgs",
        "rev": "042904167604c681a090c07eb6967b4dd4dae88c",
        "type": "github"
      },
      "original": {
        "owner": "pyproject-nix",
        "repo": "build-system-pkgs",
        "type": "github"
      }
    },
    "pyproject-nix": {
      "inputs": {
        "nixpkgs": [
          "kimi-cli",
          "nixpkgs"
        ]
      },
      "locked": {
        "lastModified": 1764134915,
        "narHash": "sha256-xaKvtPx6YAnA3HQVp5LwyYG1MaN4LLehpQI8xEdBvBY=",
        "owner": "pyproject-nix",
        "repo": "pyproject.nix",
        "rev": "2c8df1383b32e5443c921f61224b198a2282a657",
        "type": "github"
      },
      "original": {
        "owner": "pyproject-nix",
        "repo": "pyproject.nix",
        "type": "github"
      }
    },
    "root": {
      "inputs": {
        "brew-api": "brew-api",
        "brew-nix": "brew-nix",
        "claude-desktop": "claude-desktop",
        "disko": "disko",
        "emacs-overlay": "emacs-overlay",
        "firefox-addons": "firefox-addons",
        "flake-parts": "flake-parts",
        "flake-utils": "flake-utils",
        "git-hooks": "git-hooks",
        "home-manager": "home-manager",
        "impermanence": "impermanence",
        "kakoune-lsp-src": "kakoune-lsp-src",
        "kimi-cli": "kimi-cli",
        "mcp-servers": "mcp-servers",
        "niri": "niri",
        "nix-darwin": "nix-darwin",
        "nixos-hardware": "nixos-hardware",
        "nixpkgs": "nixpkgs_2",
        "nixpkgs-stable": "nixpkgs-stable",
        "nur-packages": "nur-packages",
        "org-babel": "org-babel",
        "sops-nix": "sops-nix",
        "treefmt-nix": "treefmt-nix",
        "xremap": "xremap",
        "zen-browser": "zen-browser"
      }
    },
    "sops-nix": {
      "inputs": {
        "nixpkgs": "nixpkgs_3"
      },
      "locked": {
        "lastModified": 1772048434,
        "narHash": "sha256-/wA0OaH6kZ/pFA+nXR/tvg5oupOmEDmMS5us79JT60o=",
        "owner": "Mic92",
        "repo": "sops-nix",
        "rev": "334daa7c273dd8bf7a0cd370e4e16022b64e55e9",
        "type": "github"
      },
      "original": {
        "owner": "Mic92",
        "repo": "sops-nix",
        "type": "github"
      }
    },
    "systems": {
      "locked": {
        "lastModified": 1681028828,
        "narHash": "sha256-Vy1rq5AaRuLzOxct8nz4T6wlgyUR7zLU309k9mBC768=",
        "owner": "nix-systems",
        "repo": "default",
        "rev": "da67096a3b9bf56a91d16901293e51ba5b49a27e",
        "type": "github"
      },
      "original": {
        "owner": "nix-systems",
        "repo": "default",
        "type": "github"
      }
    },
    "systems_2": {
      "locked": {
        "lastModified": 1681028828,
        "narHash": "sha256-Vy1rq5AaRuLzOxct8nz4T6wlgyUR7zLU309k9mBC768=",
        "owner": "nix-systems",
        "repo": "default",
        "rev": "da67096a3b9bf56a91d16901293e51ba5b49a27e",
        "type": "github"
      },
      "original": {
        "owner": "nix-systems",
        "repo": "default",
        "type": "github"
      }
    },
    "treefmt-nix": {
      "inputs": {
        "nixpkgs": "nixpkgs_4"
      },
      "locked": {
        "lastModified": 1770228511,
        "narHash": "sha256-wQ6NJSuFqAEmIg2VMnLdCnUc0b7vslUohqqGGD+Fyxk=",
        "owner": "numtide",
        "repo": "treefmt-nix",
        "rev": "337a4fe074be1042a35086f15481d763b8ddc0e7",
        "type": "github"
      },
      "original": {
        "owner": "numtide",
        "repo": "treefmt-nix",
        "type": "github"
      }
    },
    "uv2nix": {
      "inputs": {
        "nixpkgs": [
          "kimi-cli",
          "nixpkgs"
        ],
        "pyproject-nix": [
          "kimi-cli",
          "pyproject-nix"
        ]
      },
      "locked": {
        "lastModified": 1766021660,
        "narHash": "sha256-UUfz7qWB1Rb2KjGVCimt//Jncv3TgJwffPqbzqpkmgY=",
        "owner": "pyproject-nix",
        "repo": "uv2nix",
        "rev": "19fa99be3409f55ec05e823c66c9769df7a8dd17",
        "type": "github"
      },
      "original": {
        "owner": "pyproject-nix",
        "repo": "uv2nix",
        "type": "github"
      }
    },
    "xremap": {
      "inputs": {
        "crane": "crane",
        "flake-parts": [
          "flake-parts"
        ],
        "nixpkgs": [
          "nixpkgs"
        ],
        "xremap": "xremap_2"
      },
      "locked": {
        "lastModified": 1771968045,
        "narHash": "sha256-BK2Zcio1gBMTIjIV2MfULqgxv21Y4S9HbgzGuI4AzSc=",
        "owner": "xremap",
        "repo": "nix-flake",
        "rev": "b89f36dd4a0a68d904a4995e3156f0ac758fcdd6",
        "type": "github"
      },
      "original": {
        "owner": "xremap",
        "repo": "nix-flake",
        "type": "github"
      }
    },
    "xremap_2": {
      "flake": false,
      "locked": {
        "lastModified": 1771790974,
        "narHash": "sha256-hXbCEdWcpOvHsFIE7pQw3evqPjqXJhEYBCBJKoGVzJQ=",
        "owner": "k0kubun",
        "repo": "xremap",
        "rev": "a2fc6caa0c7d35d87d130437dc4a4582a3908871",
        "type": "github"
      },
      "original": {
        "owner": "k0kubun",
        "ref": "v0.14.15",
        "repo": "xremap",
        "type": "github"
      }
    },
    "zen-browser": {
      "inputs": {
        "home-manager": [
          "home-manager"
        ],
        "nixpkgs": [
          "nixpkgs"
        ]
      },
      "locked": {
        "lastModified": 1772085492,
        "narHash": "sha256-1o9qkvOI/ThFDgEbW4Q4GVK7aV+traAIWSqP7gom7/0=",
        "owner": "0xc000022070",
        "repo": "zen-browser-flake",
        "rev": "6577a70551b52ef35138e5d8b87a35d40b14eeeb",
        "type": "github"
      },
      "original": {
        "owner": "0xc000022070",
        "repo": "zen-browser-flake",
        "type": "github"
      }
    }
  },
  "root": "root",
  "version": 7
}
