{
  "version": 4,
  "terraform_version": "1.12.2",
  "serial": 1,
  "lineage": "10d696ad-7197-f45a-b56e-88dfab225031",
  "outputs": {},
  "resources": [
    {
      "mode": "data",
      "type": "sops_file",
      "name": "secret",
      "provider": "provider[\"registry.terraform.io/carlpett/sops\"]",
      "instances": [
        {
          "schema_version": 0,
          "attributes": {
            "data": {
              "token": "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"
            },
            "id": "-",
            "input_type": null,
            "raw": "token: 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\n",
            "source_file": "./secrets.yaml"
          },
          "sensitive_attributes": [
            [
              {
                "type": "get_attr",
                "value": "data"
              }
            ],
            [
              {
                "type": "get_attr",
                "value": "raw"
              }
            ]
          ],
          "identity_schema_version": 0
        }
      ]
    },
    {
      "mode": "managed",
      "type": "github_user_ssh_key",
      "name": "default",
      "provider": "provider[\"registry.terraform.io/integrations/github\"]",
      "instances": [
        {
          "schema_version": 0,
          "attributes": {
            "etag": "W/\"c2c3451b3f476ba21eb2074f6183286b8303ceb6767b7f6f90052b4a8fd4b817\"",
            "id": "125053127",
            "key": "ecdsa-sha2-nistp521 AAAAE2VjZHNhLXNoYTItbmlzdHA1MjEAAAAIbmlzdHA1MjEAAACFBAHvJKRmO1WHVDdcPTyc7E7t0nLA8QNLt6SqrYC0zCLPP71J7gul03nNwPObQV57H/so1Fgds/tA4NZCAOxDBPmjXwAZG1z6bi/uzUcvviFGZftuh8zB4+jNyZ7yoJZNIpOZNz0Miyo46qg+FSygVmAknxmabh/zvKyDIiv4lpW+8Iz2Vw==",
            "title": "shizhaoyoujie@gmail.com",
            "url": "https://api.github.com/user/keys/125053127"
          },
          "sensitive_attributes": [],
          "identity_schema_version": 0,
          "private": "bnVsbA==",
          "dependencies": [
            "data.sops_file.secret"
          ]
        }
      ]
    }
  ],
  "check_results": null
}
